// !$*UTF8*$!
{
	archiveVersion = 1;
	classes = {
	};
	objectVersion = 56;
	objects = {

/* Begin PBXBuildFile section */
		5246C1D22B65BA3600DB37E7 /* L1_DemoApp.swift in Sources */ = {isa = PBXBuildFile; fileRef = 5246C1D12B65BA3600DB37E7 /* L1_DemoApp.swift */; };
		5246C1D42B65BA3600DB37E7 /* ContentView.swift in Sources */ = {isa = PBXBuildFile; fileRef = 5246C1D32B65BA3600DB37E7 /* ContentView.swift */; };
		5246C1D62B65BA3700DB37E7 /* Assets.xcassets in Resources */ = {isa = PBXBuildFile; fileRef = 5246C1D52B65BA3700DB37E7 /* Assets.xcassets */; };
		5246C1D92B65BA3700DB37E7 /* Preview Assets.xcassets in Resources */ = {isa = PBXBuildFile; fileRef = 5246C1D82B65BA3700DB37E7 /* Preview Assets.xcassets */; };
		5246C1E32B65BA3700DB37E7 /* L1_DemoTests.swift in Sources */ = {isa = PBXBuildFile; fileRef = 5246C1E22B65BA3700DB37E7 /* L1_DemoTests.swift */; };
		5246C1ED2B65BA3700DB37E7 /* L1_DemoUITests.swift in Sources */ = {isa = PBXBuildFile; fileRef = 5246C1EC2B65BA3700DB37E7 /* L1_DemoUITests.swift */; };
		5246C1EF2B65BA3700DB37E7 /* L1_DemoUITestsLaunchTests.swift in Sources */ = {isa = PBXBuildFile; fileRef = 5246C1EE2B65BA3700DB37E7 /* L1_DemoUITestsLaunchTests.swift */; };
/* End PBXBuildFile section */

/* Begin PBXContainerItemProxy section */
		5246C1DF2B65BA3700DB37E7 /* PBXContainerItemProxy */ = {
			isa = PBXContainerItemProxy;
			containerPortal = 5246C1C62B65BA3600DB37E7 /* Project object */;
			proxyType = 1;
			remoteGlobalIDString = 5246C1CD2B65BA3600DB37E7;
			remoteInfo = L1_Demo;
		};
		5246C1E92B65BA3700DB37E7 /* PBXContainerItemProxy */ = {
			isa = PBXContainerItemProxy;
			containerPortal = 5246C1C62B65BA3600DB37E7 /* Project object */;
			proxyType = 1;
			remoteGlobalIDString = 5246C1CD2B65BA3600DB37E7;
			remoteInfo = L1_Demo;
		};
/* End PBXContainerItemProxy section */

/* Begin PBXFileReference section */
		5246C1CE2B65BA3600DB37E7 /* L1_Demo.app */ = {isa = PBXFileReference; explicitFileType = wrapper.application; includeInIndex = 0; path = L1_Demo.app; sourceTree = BUILT_PRODUCTS_DIR; };
		5246C1D12B65BA3600DB37E7 /* L1_DemoApp.swift */ = {isa = PBXFileReference; lastKnownFileType = sourcecode.swift; path = L1_DemoApp.swift; sourceTree = "<group>"; };
		5246C1D32B65BA3600DB37E7 /* ContentView.swift */ = {isa = PBXFileReference; lastKnownFileType = sourcecode.swift; path = ContentView.swift; sourceTree = "<group>"; };
		5246C1D52B65BA3700DB37E7 /* Assets.xcassets */ = {isa = PBXFileReference; lastKnownFileType = folder.assetcatalog; path = Assets.xcassets; sourceTree = "<group>"; };
		5246C1D82B65BA3700DB37E7 /* Preview Assets.xcassets */ = {isa = PBXFileReference; lastKnownFileType = folder.assetcatalog; path = "Preview Assets.xcassets"; sourceTree = "<group>"; };
		5246C1DE2B65BA3700DB37E7 /* L1_DemoTests.xctest */ = {isa = PBXFileReference; explicitFileType = wrapper.cfbundle; includeInIndex = 0; path = L1_DemoTests.xctest; sourceTree = BUILT_PRODUCTS_DIR; };
		5246C1E22B65BA3700DB37E7 /* L1_DemoTests.swift */ = {isa = PBXFileReference; lastKnownFileType = sourcecode.swift; path = L1_DemoTests.swift; sourceTree = "<group>"; };
		5246C1E82B65BA3700DB37E7 /* L1_DemoUITests.xctest */ = {isa = PBXFileReference; explicitFileType = wrapper.cfbundle; includeInIndex = 0; path = L1_DemoUITests.xctest; sourceTree = BUILT_PRODUCTS_DIR; };
		5246C1EC2B65BA3700DB37E7 /* L1_DemoUITests.swift */ = {isa = PBXFileReference; lastKnownFileType = sourcecode.swift; path = L1_DemoUITests.swift; sourceTree = "<group>"; };
		5246C1EE2B65BA3700DB37E7 /* L1_DemoUITestsLaunchTests.swift */ = {isa = PBXFileReference; lastKnownFileType = sourcecode.swift; path = L1_DemoUITestsLaunchTests.swift; sourceTree = "<group>"; };
/* End PBXFileReference section */

/* Begin PBXFrameworksBuildPhase section */
		5246C1CB2B65BA3600DB37E7 /* Frameworks */ = {
			isa = PBXFrameworksBuildPhase;
			buildActionMask = 2147483647;
			files = (
			);
			runOnlyForDeploymentPostprocessing = 0;
		};
		5246C1DB2B65BA3700DB37E7 /* Frameworks */ = {
			isa = PBXFrameworksBuildPhase;
			buildActionMask = 2147483647;
			files = (
			);
			runOnlyForDeploymentPostprocessing = 0;
		};
		5246C1E52B65BA3700DB37E7 /* Frameworks */ = {
			isa = PBXFrameworksBuildPhase;
			buildActionMask = 2147483647;
			files = (
			);
			runOnlyForDeploymentPostprocessing = 0;
		};
/* End PBXFrameworksBuildPhase section */

/* Begin PBXGroup section */
		5246C1C52B65BA3600DB37E7 = {
			isa = PBXGroup;
			children = (
				5246C1D02B65BA3600DB37E7 /* L1_Demo */,
				5246C1E12B65BA3700DB37E7 /* L1_DemoTests */,
				5246C1EB2B65BA3700DB37E7 /* L1_DemoUITests */,
				5246C1CF2B65BA3600DB37E7 /* Products */,
			);
			sourceTree = "<group>";
		};
		5246C1CF2B65BA3600DB37E7 /* Products */ = {
			isa = PBXGroup;
			children = (
				5246C1CE2B65BA3600DB37E7 /* L1_Demo.app */,
				5246C1DE2B65BA3700DB37E7 /* L1_DemoTests.xctest */,
				5246C1E82B65BA3700DB37E7 /* L1_DemoUITests.xctest */,
			);
			name = Products;
			sourceTree = "<group>";
		};
		5246C1D02B65BA3600DB37E7 /* L1_Demo */ = {
			isa = PBXGroup;
			children = (
				5246C1D12B65BA3600DB37E7 /* L1_DemoApp.swift */,
				5246C1D32B65BA3600DB37E7 /* ContentView.swift */,
				5246C1D52B65BA3700DB37E7 /* Assets.xcassets */,
				5246C1D72B65BA3700DB37E7 /* Preview Content */,
			);
			path = L1_Demo;
			sourceTree = "<group>";
		};
		5246C1D72B65BA3700DB37E7 /* Preview Content */ = {
			isa = PBXGroup;
			children = (
				5246C1D82B65BA3700DB37E7 /* Preview Assets.xcassets */,
			);
			path = "Preview Content";
			sourceTree = "<group>";
		};
		5246C1E12B65BA3700DB37E7 /* L1_DemoTests */ = {
			isa = PBXGroup;
			children = (
				5246C1E22B65BA3700DB37E7 /* L1_DemoTests.swift */,
			);
			path = L1_DemoTests;
			sourceTree = "<group>";
		};
		5246C1EB2B65BA3700DB37E7 /* L1_DemoUITests */ = {
			isa = PBXGroup;
			children = (
				5246C1EC2B65BA3700DB37E7 /* L1_DemoUITests.swift */,
				5246C1EE2B65BA3700DB37E7 /* L1_DemoUITestsLaunchTests.swift */,
			);
			path = L1_DemoUITests;
			sourceTree = "<group>";
		};
/* End PBXGroup section */

/* Begin PBXNativeTarget section */
		5246C1CD2B65BA3600DB37E7 /* L1_Demo */ = {
			isa = PBXNativeTarget;
			buildConfigurationList = 5246C1F22B65BA3700DB37E7 /* Build configuration list for PBXNativeTarget "L1_Demo" */;
			buildPhases = (
				5246C1CA2B65BA3600DB37E7 /* Sources */,
				5246C1CB2B65BA3600DB37E7 /* Frameworks */,
				5246C1CC2B65BA3600DB37E7 /* Resources */,
			);
			buildRules = (
			);
			dependencies = (
			);
			name = L1_Demo;
			productName = L1_Demo;
			productReference = 5246C1CE2B65BA3600DB37E7 /* L1_Demo.app */;
			productType = "com.apple.product-type.application";
		};
		5246C1DD2B65BA3700DB37E7 /* L1_DemoTests */ = {
			isa = PBXNativeTarget;
			buildConfigurationList = 5246C1F52B65BA3700DB37E7 /* Build configuration list for PBXNativeTarget "L1_DemoTests" */;
			buildPhases = (
				5246C1DA2B65BA3700DB37E7 /* Sources */,
				5246C1DB2B65BA3700DB37E7 /* Frameworks */,
				5246C1DC2B65BA3700DB37E7 /* Resources */,
			);
			buildRules = (
			);
			dependencies = (
				5246C1E02B65BA3700DB37E7 /* PBXTargetDependency */,
			);
			name = L1_DemoTests;
			productName = L1_DemoTests;
			productReference = 5246C1DE2B65BA3700DB37E7 /* L1_DemoTests.xctest */;
			productType = "com.apple.product-type.bundle.unit-test";
		};
		5246C1E72B65BA3700DB37E7 /* L1_DemoUITests */ = {
			isa = PBXNativeTarget;
			buildConfigurationList = 5246C1F82B65BA3700DB37E7 /* Build configuration list for PBXNativeTarget "L1_DemoUITests" */;
			buildPhases = (
				5246C1E42B65BA3700DB37E7 /* Sources */,
				5246C1E52B65BA3700DB37E7 /* Frameworks */,
				5246C1E62B65BA3700DB37E7 /* Resources */,
			);
			buildRules = (
			);
			dependencies = (
				5246C1EA2B65BA3700DB37E7 /* PBXTargetDependency */,
			);
			name = L1_DemoUITests;
			productName = L1_DemoUITests;
			productReference = 5246C1E82B65BA3700DB37E7 /* L1_DemoUITests.xctest */;
			productType = "com.apple.product-type.bundle.ui-testing";
		};
/* End PBXNativeTarget section */

/* Begin PBXProject section */
		5246C1C62B65BA3600DB37E7 /* Project object */ = {
			isa = PBXProject;
			attributes = {
				BuildIndependentTargetsInParallel = 1;
				LastSwiftUpdateCheck = 1520;
				LastUpgradeCheck = 1520;
				TargetAttributes = {
					5246C1CD2B65BA3600DB37E7 = {
						CreatedOnToolsVersion = 15.2;
					};
					5246C1DD2B65BA3700DB37E7 = {
						CreatedOnToolsVersion = 15.2;
						TestTargetID = 5246C1CD2B65BA3600DB37E7;
					};
					5246C1E72B65BA3700DB37E7 = {
						CreatedOnToolsVersion = 15.2;
						TestTargetID = 5246C1CD2B65BA3600DB37E7;
					};
				};
			};
			buildConfigurationList = 5246C1C92B65BA3600DB37E7 /* Build configuration list for PBXProject "L1_Demo" */;
			compatibilityVersion = "Xcode 14.0";
			developmentRegion = en;
			hasScannedForEncodings = 0;
			knownRegions = (
				en,
				Base,
			);
			mainGroup = 5246C1C52B65BA3600DB37E7;
			productRefGroup = 5246C1CF2B65BA3600DB37E7 /* Products */;
			projectDirPath = "";
			projectRoot = "";
			targets = (
				5246C1CD2B65BA3600DB37E7 /* L1_Demo */,
				5246C1DD2B65BA3700DB37E7 /* L1_DemoTests */,
				5246C1E72B65BA3700DB37E7 /* L1_DemoUITests */,
			);
		};
/* End PBXProject section */

/* Begin PBXResourcesBuildPhase section */
		5246C1CC2B65BA3600DB37E7 /* Resources */ = {
			isa = PBXResourcesBuildPhase;
			buildActionMask = 2147483647;
			files = (
				5246C1D92B65BA3700DB37E7 /* Preview Assets.xcassets in Resources */,
				5246C1D62B65BA3700DB37E7 /* Assets.xcassets in Resources */,
			);
			runOnlyForDeploymentPostprocessing = 0;
		};
		5246C1DC2B65BA3700DB37E7 /* Resources */ = {
			isa = PBXResourcesBuildPhase;
			buildActionMask = 2147483647;
			files = (
			);
			runOnlyForDeploymentPostprocessing = 0;
		};
		5246C1E62B65BA3700DB37E7 /* Resources */ = {
			isa = PBXResourcesBuildPhase;
			buildActionMask = 2147483647;
			files = (
			);
			runOnlyForDeploymentPostprocessing = 0;
		};
/* End PBXResourcesBuildPhase section */

/* Begin PBXSourcesBuildPhase section */
		5246C1CA2B65BA3600DB37E7 /* Sources */ = {
			isa = PBXSourcesBuildPhase;
			buildActionMask = 2147483647;
			files = (
				5246C1D42B65BA3600DB37E7 /* ContentView.swift in Sources */,
				5246C1D22B65BA3600DB37E7 /* L1_DemoApp.swift in Sources */,
			);
			runOnlyForDeploymentPostprocessing = 0;
		};
		5246C1DA2B65BA3700DB37E7 /* Sources */ = {
			isa = PBXSourcesBuildPhase;
			buildActionMask = 2147483647;
			files = (
				5246C1E32B65BA3700DB37E7 /* L1_DemoTests.swift in Sources */,
			);
			runOnlyForDeploymentPostprocessing = 0;
		};
		5246C1E42B65BA3700DB37E7 /* Sources */ = {
			isa = PBXSourcesBuildPhase;
			buildActionMask = 2147483647;
			files = (
				5246C1EF2B65BA3700DB37E7 /* L1_DemoUITestsLaunchTests.swift in Sources */,
				5246C1ED2B65BA3700DB37E7 /* L1_DemoUITests.swift in Sources */,
			);
			runOnlyForDeploymentPostprocessing = 0;
		};
/* End PBXSourcesBuildPhase section */

/* Begin PBXTargetDependency section */
		5246C1E02B65BA3700DB37E7 /* PBXTargetDependency */ = {
			isa = PBXTargetDependency;
			target = 5246C1CD2B65BA3600DB37E7 /* L1_Demo */;
			targetProxy = 5246C1DF2B65BA3700DB37E7 /* PBXContainerItemProxy */;
		};
		5246C1EA2B65BA3700DB37E7 /* PBXTargetDependency */ = {
			isa = PBXTargetDependency;
			target = 5246C1CD2B65BA3600DB37E7 /* L1_Demo */;
			targetProxy = 5246C1E92B65BA3700DB37E7 /* PBXContainerItemProxy */;
		};
/* End PBXTargetDependency section */

/* Begin XCBuildConfiguration section */
		5246C1F02B65BA3700DB37E7 /* Debug */ = {
			isa = XCBuildConfiguration;
			buildSettings = {
				ALWAYS_SEARCH_USER_PATHS = NO;
				ASSETCATALOG_COMPILER_GENERATE_SWIFT_ASSET_SYMBOL_EXTENSIONS = YES;
				CLANG_ANALYZER_NONNULL = YES;
				CLANG_ANALYZER_NUMBER_OBJECT_CONVERSION = YES_AGGRESSIVE;
				CLANG_CXX_LANGUAGE_STANDARD = "gnu++20";
				CLANG_ENABLE_MODULES = YES;
				CLANG_ENABLE_OBJC_ARC = YES;
				CLANG_ENABLE_OBJC_WEAK = YES;
				CLANG_WARN_BLOCK_CAPTURE_AUTORELEASING = YES;
				CLANG_WARN_BOOL_CONVERSION = YES;
				CLANG_WARN_COMMA = YES;
				CLANG_WARN_CONSTANT_CONVERSION = YES;
				CLANG_WARN_DEPRECATED_OBJC_IMPLEMENTATIONS = YES;
				CLANG_WARN_DIRECT_OBJC_ISA_USAGE = YES_ERROR;
				CLANG_WARN_DOCUMENTATION_COMMENTS = YES;
				CLANG_WARN_EMPTY_BODY = YES;
				CLANG_WARN_ENUM_CONVERSION = YES;
				CLANG_WARN_INFINITE_RECURSION = YES;
				CLANG_WARN_INT_CONVERSION = YES;
				CLANG_WARN_NON_LITERAL_NULL_CONVERSION = YES;
				CLANG_WARN_OBJC_IMPLICIT_RETAIN_SELF = YES;
				CLANG_WARN_OBJC_LITERAL_CONVERSION = YES;
				CLANG_WARN_OBJC_ROOT_CLASS = YES_ERROR;
				CLANG_WARN_QUOTED_INCLUDE_IN_FRAMEWORK_HEADER = YES;
				CLANG_WARN_RANGE_LOOP_ANALYSIS = YES;
				CLANG_WARN_STRICT_PROTOTYPES = YES;
				CLANG_WARN_SUSPICIOUS_MOVE = YES;
				CLANG_WARN_UNGUARDED_AVAILABILITY = YES_AGGRESSIVE;
				CLANG_WARN_UNREACHABLE_CODE = YES;
				CLANG_WARN__DUPLICATE_METHOD_MATCH = YES;
				COPY_PHASE_STRIP = NO;
				DEBUG_INFORMATION_FORMAT = dwarf;
				ENABLE_STRICT_OBJC_MSGSEND = YES;
				ENABLE_TESTABILITY = YES;
				ENABLE_USER_SCRIPT_SANDBOXING = YES;
				GCC_C_LANGUAGE_STANDARD = gnu17;
				GCC_DYNAMIC_NO_PIC = NO;
				GCC_NO_COMMON_BLOCKS = YES;
				GCC_OPTIMIZATION_LEVEL = 0;
				GCC_PREPROCESSOR_DEFINITIONS = (
					"DEBUG=1",
					"$(inherited)",
				);
				GCC_WARN_64_TO_32_BIT_CONVERSION = YES;
				GCC_WARN_ABOUT_RETURN_TYPE = YES_ERROR;
				GCC_WARN_UNDECLARED_SELECTOR = YES;
				GCC_WARN_UNINITIALIZED_AUTOS = YES_AGGRESSIVE;
				GCC_WARN_UNUSED_FUNCTION = YES;
				GCC_WARN_UNUSED_VARIABLE = YES;
				IPHONEOS_DEPLOYMENT_TARGET = 17.2;
				LOCALIZATION_PREFERS_STRING_CATALOGS = YES;
				MTL_ENABLE_DEBUG_INFO = INCLUDE_SOURCE;
				MTL_FAST_MATH = YES;
				ONLY_ACTIVE_ARCH = YES;
				SDKROOT = iphoneos;
				SWIFT_ACTIVE_COMPILATION_CONDITIONS = "DEBUG $(inherited)";
				SWIFT_OPTIMIZATION_LEVEL = "-Onone";
			};
			name = Debug;
		};
		5246C1F12B65BA3700DB37E7 /* Release */ = {
			isa = XCBuildConfiguration;
			buildSettings = {
				ALWAYS_SEARCH_USER_PATHS = NO;
				ASSETCATALOG_COMPILER_GENERATE_SWIFT_ASSET_SYMBOL_EXTENSIONS = YES;
				CLANG_ANALYZER_NONNULL = YES;
				CLANG_ANALYZER_NUMBER_OBJECT_CONVERSION = YES_AGGRESSIVE;
				CLANG_CXX_LANGUAGE_STANDARD = "gnu++20";
				CLANG_ENABLE_MODULES = YES;
				CLANG_ENABLE_OBJC_ARC = YES;
				CLANG_ENABLE_OBJC_WEAK = YES;
				CLANG_WARN_BLOCK_CAPTURE_AUTORELEASING = YES;
				CLANG_WARN_BOOL_CONVERSION = YES;
				CLANG_WARN_COMMA = YES;
				CLANG_WARN_CONSTANT_CONVERSION = YES;
				CLANG_WARN_DEPRECATED_OBJC_IMPLEMENTATIONS = YES;
				CLANG_WARN_DIRECT_OBJC_ISA_USAGE = YES_ERROR;
				CLANG_WARN_DOCUMENTATION_COMMENTS = YES;
				CLANG_WARN_EMPTY_BODY = YES;
				CLANG_WARN_ENUM_CONVERSION = YES;
				CLANG_WARN_INFINITE_RECURSION = YES;
				CLANG_WARN_INT_CONVERSION = YES;
				CLANG_WARN_NON_LITERAL_NULL_CONVERSION = YES;
				CLANG_WARN_OBJC_IMPLICIT_RETAIN_SELF = YES;
				CLANG_WARN_OBJC_LITERAL_CONVERSION = YES;
				CLANG_WARN_OBJC_ROOT_CLASS = YES_ERROR;
				CLANG_WARN_QUOTED_INCLUDE_IN_FRAMEWORK_HEADER = YES;
				CLANG_WARN_RANGE_LOOP_ANALYSIS = YES;
				CLANG_WARN_STRICT_PROTOTYPES = YES;
				CLANG_WARN_SUSPICIOUS_MOVE = YES;
				CLANG_WARN_UNGUARDED_AVAILABILITY = YES_AGGRESSIVE;
				CLANG_WARN_UNREACHABLE_CODE = YES;
				CLANG_WARN__DUPLICATE_METHOD_MATCH = YES;
				COPY_PHASE_STRIP = NO;
				DEBUG_INFORMATION_FORMAT = "dwarf-with-dsym";
				ENABLE_NS_ASSERTIONS = NO;
				ENABLE_STRICT_OBJC_MSGSEND = YES;
				ENABLE_USER_SCRIPT_SANDBOXING = YES;
				GCC_C_LANGUAGE_STANDARD = gnu17;
				GCC_NO_COMMON_BLOCKS = YES;
				GCC_WARN_64_TO_32_BIT_CONVERSION = YES;
				GCC_WARN_ABOUT_RETURN_TYPE = YES_ERROR;
				GCC_WARN_UNDECLARED_SELECTOR = YES;
				GCC_WARN_UNINITIALIZED_AUTOS = YES_AGGRESSIVE;
				GCC_WARN_UNUSED_FUNCTION = YES;
				GCC_WARN_UNUSED_VARIABLE = YES;
				IPHONEOS_DEPLOYMENT_TARGET = 17.2;
				LOCALIZATION_PREFERS_STRING_CATALOGS = YES;
				MTL_ENABLE_DEBUG_INFO = NO;
				MTL_FAST_MATH = YES;
				SDKROOT = iphoneos;
				SWIFT_COMPILATION_MODE = wholemodule;
				VALIDATE_PRODUCT = YES;
			};
			name = Release;
		};
		5246C1F32B65BA3700DB37E7 /* Debug */ = {
			isa = XCBuildConfiguration;
			buildSettings = {
				ASSETCATALOG_COMPILER_APPICON_NAME = AppIcon;
				ASSETCATALOG_COMPILER_GLOBAL_ACCENT_COLOR_NAME = AccentColor;
				CODE_SIGN_STYLE = Automatic;
				CURRENT_PROJECT_VERSION = 1;
				DEVELOPMENT_ASSET_PATHS = "\"L1_Demo/Preview Content\"";
				ENABLE_PREVIEWS = YES;
				GENERATE_INFOPLIST_FILE = YES;
				INFOPLIST_KEY_UIApplicationSceneManifest_Generation = YES;
				INFOPLIST_KEY_UIApplicationSupportsIndirectInputEvents = YES;
				INFOPLIST_KEY_UILaunchScreen_Generation = YES;
				INFOPLIST_KEY_UISupportedInterfaceOrientations_iPad = "UIInterfaceOrientationPortrait UIInterfaceOrientationPortraitUpsideDown UIInterfaceOrientationLandscapeLeft UIInterfaceOrientationLandscapeRight";
				INFOPLIST_KEY_UISupportedInterfaceOrientations_iPhone = "UIInterfaceOrientationPortrait UIInterfaceOrientationLandscapeLeft UIInterfaceOrientationLandscapeRight";
				LD_RUNPATH_SEARCH_PATHS = (
					"$(inherited)",
					"@executable_path/Frameworks",
				);
				MARKETING_VERSION = 1.0;
				PRODUCT_BUNDLE_IDENTIFIER = "simarcheema.L1-Demo";
				PRODUCT_NAME = "$(TARGET_NAME)";
				SWIFT_EMIT_LOC_STRINGS = YES;
				SWIFT_VERSION = 5.0;
				TARGETED_DEVICE_FAMILY = "1,2";
			};
			name = Debug;
		};
		5246C1F42B65BA3700DB37E7 /* Release */ = {
			isa = XCBuildConfiguration;
			buildSettings = {
				ASSETCATALOG_COMPILER_APPICON_NAME = AppIcon;
				ASSETCATALOG_COMPILER_GLOBAL_ACCENT_COLOR_NAME = AccentColor;
				CODE_SIGN_STYLE = Automatic;
				CURRENT_PROJECT_VERSION = 1;
				DEVELOPMENT_ASSET_PATHS = "\"L1_Demo/Preview Content\"";
				ENABLE_PREVIEWS = YES;
				GENERATE_INFOPLIST_FILE = YES;
				INFOPLIST_KEY_UIApplicationSceneManifest_Generation = YES;
				INFOPLIST_KEY_UIApplicationSupportsIndirectInputEvents = YES;
				INFOPLIST_KEY_UILaunchScreen_Generation = YES;
				INFOPLIST_KEY_UISupportedInterfaceOrientations_iPad = "UIInterfaceOrientationPortrait UIInterfaceOrientationPortraitUpsideDown UIInterfaceOrientationLandscapeLeft UIInterfaceOrientationLandscapeRight";
				INFOPLIST_KEY_UISupportedInterfaceOrientations_iPhone = "UIInterfaceOrientationPortrait UIInterfaceOrientationLandscapeLeft UIInterfaceOrientationLandscapeRight";
				LD_RUNPATH_SEARCH_PATHS = (
					"$(inherited)",
					"@executable_path/Frameworks",
				);
				MARKETING_VERSION = 1.0;
				PRODUCT_BUNDLE_IDENTIFIER = "simarcheema.L1-Demo";
				PRODUCT_NAME = "$(TARGET_NAME)";
				SWIFT_EMIT_LOC_STRINGS = YES;
				SWIFT_VERSION = 5.0;
				TARGETED_DEVICE_FAMILY = "1,2";
			};
			name = Release;
		};
		5246C1F62B65BA3700DB37E7 /* Debug */ = {
			isa = XCBuildConfiguration;
			buildSettings = {
				ALWAYS_EMBED_SWIFT_STANDARD_LIBRARIES = YES;
				BUNDLE_LOADER = "$(TEST_HOST)";
				CODE_SIGN_STYLE = Automatic;
				CURRENT_PROJECT_VERSION = 1;
				GENERATE_INFOPLIST_FILE = YES;
				IPHONEOS_DEPLOYMENT_TARGET = 17.2;
				MARKETING_VERSION = 1.0;
				PRODUCT_BUNDLE_IDENTIFIER = "simarcheema.L1-DemoTests";
				PRODUCT_NAME = "$(TARGET_NAME)";
				SWIFT_EMIT_LOC_STRINGS = NO;
				SWIFT_VERSION = 5.0;
				TARGETED_DEVICE_FAMILY = "1,2";
				TEST_HOST = "$(BUILT_PRODUCTS_DIR)/L1_Demo.app/$(BUNDLE_EXECUTABLE_FOLDER_PATH)/L1_Demo";
			};
			name = Debug;
		};
		5246C1F72B65BA3700DB37E7 /* Release */ = {
			isa = XCBuildConfiguration;
			buildSettings = {
				ALWAYS_EMBED_SWIFT_STANDARD_LIBRARIES = YES;
				BUNDLE_LOADER = "$(TEST_HOST)";
				CODE_SIGN_STYLE = Automatic;
				CURRENT_PROJECT_VERSION = 1;
				GENERATE_INFOPLIST_FILE = YES;
				IPHONEOS_DEPLOYMENT_TARGET = 17.2;
				MARKETING_VERSION = 1.0;
				PRODUCT_BUNDLE_IDENTIFIER = "simarcheema.L1-DemoTests";
				PRODUCT_NAME = "$(TARGET_NAME)";
				SWIFT_EMIT_LOC_STRINGS = NO;
				SWIFT_VERSION = 5.0;
				TARGETED_DEVICE_FAMILY = "1,2";
				TEST_HOST = "$(BUILT_PRODUCTS_DIR)/L1_Demo.app/$(BUNDLE_EXECUTABLE_FOLDER_PATH)/L1_Demo";
			};
			name = Release;
		};
		5246C1F92B65BA3700DB37E7 /* Debug */ = {
			isa = XCBuildConfiguration;
			buildSettings = {
				ALWAYS_EMBED_SWIFT_STANDARD_LIBRARIES = YES;
				CODE_SIGN_STYLE = Automatic;
				CURRENT_PROJECT_VERSION = 1;
				GENERATE_INFOPLIST_FILE = YES;
				MARKETING_VERSION = 1.0;
				PRODUCT_BUNDLE_IDENTIFIER = "simarcheema.L1-DemoUITests";
				PRODUCT_NAME = "$(TARGET_NAME)";
				SWIFT_EMIT_LOC_STRINGS = NO;
				SWIFT_VERSION = 5.0;
				TARGETED_DEVICE_FAMILY = "1,2";
				TEST_TARGET_NAME = L1_Demo;
			};
			name = Debug;
		};
		5246C1FA2B65BA3700DB37E7 /* Release */ = {
			isa = XCBuildConfiguration;
			buildSettings = {
				ALWAYS_EMBED_SWIFT_STANDARD_LIBRARIES = YES;
				CODE_SIGN_STYLE = Automatic;
				CURRENT_PROJECT_VERSION = 1;
				GENERATE_INFOPLIST_FILE = YES;
				MARKETING_VERSION = 1.0;
				PRODUCT_BUNDLE_IDENTIFIER = "simarcheema.L1-DemoUITests";
				PRODUCT_NAME = "$(TARGET_NAME)";
				SWIFT_EMIT_LOC_STRINGS = NO;
				SWIFT_VERSION = 5.0;
				TARGETED_DEVICE_FAMILY = "1,2";
				TEST_TARGET_NAME = L1_Demo;
			};
			name = Release;
		};
/* End XCBuildConfiguration section */

/* Begin XCConfigurationList section */
		5246C1C92B65BA3600DB37E7 /* Build configuration list for PBXProject "L1_Demo" */ = {
			isa = XCConfigurationList;
			buildConfigurations = (
				5246C1F02B65BA3700DB37E7 /* Debug */,
				5246C1F12B65BA3700DB37E7 /* Release */,
			);
			defaultConfigurationIsVisible = 0;
			defaultConfigurationName = Release;
		};
		5246C1F22B65BA3700DB37E7 /* Build configuration list for PBXNativeTarget "L1_Demo" */ = {
			isa = XCConfigurationList;
			buildConfigurations = (
				5246C1F32B65BA3700DB37E7 /* Debug */,
				5246C1F42B65BA3700DB37E7 /* Release */,
			);
			defaultConfigurationIsVisible = 0;
			defaultConfigurationName = Release;
		};
		5246C1F52B65BA3700DB37E7 /* Build configuration list for PBXNativeTarget "L1_DemoTests" */ = {
			isa = XCConfigurationList;
			buildConfigurations = (
				5246C1F62B65BA3700DB37E7 /* Debug */,
				5246C1F72B65BA3700DB37E7 /* Release */,
			);
			defaultConfigurationIsVisible = 0;
			defaultConfigurationName = Release;
		};
		5246C1F82B65BA3700DB37E7 /* Build configuration list for PBXNativeTarget "L1_DemoUITests" */ = {
			isa = XCConfigurationList;
			buildConfigurations = (
				5246C1F92B65BA3700DB37E7 /* Debug */,
				5246C1FA2B65BA3700DB37E7 /* Release */,
			);
			defaultConfigurationIsVisible = 0;
			defaultConfigurationName = Release;
		};
/* End XCConfigurationList section */
	};
	rootObject = 5246C1C62B65BA3600DB37E7 /* Project object */;
}
